
Microsoft Visual Studio Solution File, Format Version 12.00
# Visual Studio Version 16
VisualStudioVersion = 16.0.32106.194
MinimumVisualStudioVersion = 10.0.40219.1
Project("{F184B08F-C81C-45F6-A57F-5ABD9991F28F}") = "CK3Tools Faith to MediaWiki", "CK3Tools Faith to MediaWiki.vbproj", "{EE5E1ECC-3985-4DD1-A856-773D57A978FC}"
EndProject
Global
	GlobalSection(SolutionConfigurationPlatforms) = preSolution
		Debug|Any CPU = Debug|Any CPU
		Release|Any CPU = Release|Any CPU
	EndGlobalSection
	GlobalSection(ProjectConfigurationPlatforms) = postSolution
		{EE5E1ECC-3985-4DD1-A856-773D57A978FC}.Debug|Any CPU.ActiveCfg = Debug|Any CPU
		{EE5E1ECC-3985-4DD1-A856-773D57A978FC}.Debug|Any CPU.Build.0 = Debug|Any CPU
		{EE5E1ECC-3985-4DD1-A856-773D57A978FC}.Release|Any CPU.ActiveCfg = Release|Any CPU
		{EE5E1ECC-3985-4DD1-A856-773D57A978FC}.Release|Any CPU.Build.0 = Release|Any CPU
	EndGlobalSection
	GlobalSection(SolutionProperties) = preSolution
		HideSolutionNode = FALSE
	EndGlobalSection
	GlobalSection(ExtensibilityGlobals) = postSolution
		SolutionGuid = {02011A7B-C472-4F8C-93F4-E366C21E8B63}
	EndGlobalSection
EndGlobal
